
Microsoft Visual Studio Solution File, Format Version 12.00
# Visual Studio Version 16
VisualStudioVersion = 16.0.29215.179
MinimumVisualStudioVersion = 10.0.40219.1
Project("{9A19103F-16F7-4668-BE54-9A1E7A4F7556}") = "TournamentManager.DAL.DbGeneric", "DAL\DatabaseGeneric\TournamentManager.DAL.DbGeneric.csproj", "{45612F63-4F1B-4A63-A223-6E93066A33F1}"
EndProject
Project("{9A19103F-16F7-4668-BE54-9A1E7A4F7556}") = "TournamentManager.DAL.DBSpecific", "DAL\DatabaseSpecific\TournamentManager.DAL.DBSpecific.csproj", "{AB11CB52-18CE-4704-BB82-605E673BC79B}"
EndProject
Project("{9A19103F-16F7-4668-BE54-9A1E7A4F7556}") = "TournamentManager", "TournamentManager\TournamentManager.csproj", "{F8C5B9A5-9134-4F58-9BFE-B467A409A3C1}"
EndProject
Project("{9A19103F-16F7-4668-BE54-9A1E7A4F7556}") = "Axuno.Tools", "..\Axuno.Tools\Axuno.Tools.csproj", "{0C1CC276-0494-4F1F-BE9F-94663F74F0B8}"
EndProject
Project("{9A19103F-16F7-4668-BE54-9A1E7A4F7556}") = "TournamentManager.Tests", "TournamentManager.Test\TournamentManager.Tests.csproj", "{9DEB1B50-7917-4E0B-84FF-7DC053232D8F}"
EndProject
Global
	GlobalSection(SolutionConfigurationPlatforms) = preSolution
		Debug|Any CPU = Debug|Any CPU
		Release|Any CPU = Release|Any CPU
	EndGlobalSection
	GlobalSection(ProjectConfigurationPlatforms) = postSolution
		{45612F63-4F1B-4A63-A223-6E93066A33F1}.Debug|Any CPU.ActiveCfg = Debug|Any CPU
		{45612F63-4F1B-4A63-A223-6E93066A33F1}.Debug|Any CPU.Build.0 = Debug|Any CPU
		{45612F63-4F1B-4A63-A223-6E93066A33F1}.Release|Any CPU.ActiveCfg = Release|Any CPU
		{45612F63-4F1B-4A63-A223-6E93066A33F1}.Release|Any CPU.Build.0 = Release|Any CPU
		{AB11CB52-18CE-4704-BB82-605E673BC79B}.Debug|Any CPU.ActiveCfg = Debug|Any CPU
		{AB11CB52-18CE-4704-BB82-605E673BC79B}.Debug|Any CPU.Build.0 = Debug|Any CPU
		{AB11CB52-18CE-4704-BB82-605E673BC79B}.Release|Any CPU.ActiveCfg = Release|Any CPU
		{AB11CB52-18CE-4704-BB82-605E673BC79B}.Release|Any CPU.Build.0 = Release|Any CPU
		{AA94B429-9976-48A1-8ADE-21F2033A99C3}.Debug|Any CPU.ActiveCfg = Debug|Any CPU
		{AA94B429-9976-48A1-8ADE-21F2033A99C3}.Debug|Any CPU.Build.0 = Debug|Any CPU
		{AA94B429-9976-48A1-8ADE-21F2033A99C3}.Release|Any CPU.ActiveCfg = Release|Any CPU
		{AA94B429-9976-48A1-8ADE-21F2033A99C3}.Release|Any CPU.Build.0 = Release|Any CPU
		{F8C5B9A5-9134-4F58-9BFE-B467A409A3C1}.Debug|Any CPU.ActiveCfg = Debug|Any CPU
		{F8C5B9A5-9134-4F58-9BFE-B467A409A3C1}.Debug|Any CPU.Build.0 = Debug|Any CPU
		{F8C5B9A5-9134-4F58-9BFE-B467A409A3C1}.Release|Any CPU.ActiveCfg = Release|Any CPU
		{F8C5B9A5-9134-4F58-9BFE-B467A409A3C1}.Release|Any CPU.Build.0 = Release|Any CPU
		{0C1CC276-0494-4F1F-BE9F-94663F74F0B8}.Debug|Any CPU.ActiveCfg = Debug|Any CPU
		{0C1CC276-0494-4F1F-BE9F-94663F74F0B8}.Debug|Any CPU.Build.0 = Debug|Any CPU
		{0C1CC276-0494-4F1F-BE9F-94663F74F0B8}.Release|Any CPU.ActiveCfg = Release|Any CPU
		{0C1CC276-0494-4F1F-BE9F-94663F74F0B8}.Release|Any CPU.Build.0 = Release|Any CPU
		{9DEB1B50-7917-4E0B-84FF-7DC053232D8F}.Debug|Any CPU.ActiveCfg = Debug|Any CPU
		{9DEB1B50-7917-4E0B-84FF-7DC053232D8F}.Debug|Any CPU.Build.0 = Debug|Any CPU
		{9DEB1B50-7917-4E0B-84FF-7DC053232D8F}.Release|Any CPU.ActiveCfg = Release|Any CPU
		{9DEB1B50-7917-4E0B-84FF-7DC053232D8F}.Release|Any CPU.Build.0 = Release|Any CPU
	EndGlobalSection
	GlobalSection(SolutionProperties) = preSolution
		HideSolutionNode = FALSE
	EndGlobalSection
	GlobalSection(ExtensibilityGlobals) = postSolution
		SolutionGuid = {28BFD348-4895-4F32-895D-CE8BF3B0470F}
	EndGlobalSection
EndGlobal
